
Microsoft Visual Studio Solution File, Format Version 12.00
# Visual Studio Version 17
VisualStudioVersion = 17.14.36310.24
MinimumVisualStudioVersion = 10.0.40219.1
Project("{FAE04EC0-301F-11D3-BF4B-00C04F79EFBC}") = "Assignment1", "Assignment1\Assignment1.csproj", "{29C539F3-410A-4E3D-B744-6756E9DE1AD2}"
EndProject
Project("{FAE04EC0-301F-11D3-BF4B-00C04F79EFBC}") = "Assignment2", "Assignment2\Assignment2.csproj", "{BA73EA59-A88C-4D16-8990-118DF3A33A65}"
EndProject
Project("{FAE04EC0-301F-11D3-BF4B-00C04F79EFBC}") = "Assignment5", "Assignment5\Assignment5.csproj", "{51B8BFCE-3252-D98A-2B50-CC92EF26B00B}"
EndProject
Project("{FAE04EC0-301F-11D3-BF4B-00C04F79EFBC}") = "Assignment3", "Assignment3\Assignment3.csproj", "{72DE6AFE-3823-4AD8-B616-9E15964B01C1}"
EndProject
Project("{FAE04EC0-301F-11D3-BF4B-00C04F79EFBC}") = "Assignment7", "Assignment7\Assignment7.csproj", "{C958E69F-8B25-4170-ADE9-36F3A99D8BF3}"
EndProject
Project("{FAE04EC0-301F-11D3-BF4B-00C04F79EFBC}") = "Assignment8", "Assignment8\Assignment8.csproj", "{528F9D3A-6088-4AA8-B232-CC020BD1B10D}"
EndProject
Project("{FAE04EC0-301F-11D3-BF4B-00C04F79EFBC}") = "Assignment4", "Assignment4\Assignment4.csproj", "{3A90E253-3B21-4477-8D8D-59B3FBCFB039}"
EndProject
Project("{FAE04EC0-301F-11D3-BF4B-00C04F79EFBC}") = "Assignment10", "Assignment 10\Assignment10.csproj", "{4078EF35-0113-4F40-9155-BA52C73E976C}"
EndProject
Project("{FAE04EC0-301F-11D3-BF4B-00C04F79EFBC}") = "ClassLib11", "ClassLib11\ClassLib11.csproj", "{E8AAD131-33CD-411C-85E0-A8B8969D115E}"
EndProject
Project("{FAE04EC0-301F-11D3-BF4B-00C04F79EFBC}") = "Assignment11", "Assignment11\Assignment11.csproj", "{511163AE-D517-4EFC-81C7-10FF682BBB09}"
EndProject
Project("{FAE04EC0-301F-11D3-BF4B-00C04F79EFBC}") = "ClassLib11Test", "ClassLib11Test\ClassLib11Test.csproj", "{D990A77C-02AF-4B6D-B7A7-C88125816405}"
EndProject
Project("{FAE04EC0-301F-11D3-BF4B-00C04F79EFBC}") = "Assignment13", "Assignment13\Assignment13.csproj", "{31E165D8-BB9F-4EAB-929E-D770013F5D15}"
EndProject
Global
	GlobalSection(SolutionConfigurationPlatforms) = preSolution
		Debug|Any CPU = Debug|Any CPU
		Release|Any CPU = Release|Any CPU
	EndGlobalSection
	GlobalSection(ProjectConfigurationPlatforms) = postSolution
		{29C539F3-410A-4E3D-B744-6756E9DE1AD2}.Debug|Any CPU.ActiveCfg = Debug|Any CPU
		{29C539F3-410A-4E3D-B744-6756E9DE1AD2}.Debug|Any CPU.Build.0 = Debug|Any CPU
		{29C539F3-410A-4E3D-B744-6756E9DE1AD2}.Release|Any CPU.ActiveCfg = Release|Any CPU
		{29C539F3-410A-4E3D-B744-6756E9DE1AD2}.Release|Any CPU.Build.0 = Release|Any CPU
		{BA73EA59-A88C-4D16-8990-118DF3A33A65}.Debug|Any CPU.ActiveCfg = Debug|Any CPU
		{BA73EA59-A88C-4D16-8990-118DF3A33A65}.Debug|Any CPU.Build.0 = Debug|Any CPU
		{BA73EA59-A88C-4D16-8990-118DF3A33A65}.Release|Any CPU.ActiveCfg = Release|Any CPU
		{BA73EA59-A88C-4D16-8990-118DF3A33A65}.Release|Any CPU.Build.0 = Release|Any CPU
		{51B8BFCE-3252-D98A-2B50-CC92EF26B00B}.Debug|Any CPU.ActiveCfg = Debug|Any CPU
		{51B8BFCE-3252-D98A-2B50-CC92EF26B00B}.Debug|Any CPU.Build.0 = Debug|Any CPU
		{51B8BFCE-3252-D98A-2B50-CC92EF26B00B}.Release|Any CPU.ActiveCfg = Release|Any CPU
		{51B8BFCE-3252-D98A-2B50-CC92EF26B00B}.Release|Any CPU.Build.0 = Release|Any CPU
		{72DE6AFE-3823-4AD8-B616-9E15964B01C1}.Debug|Any CPU.ActiveCfg = Debug|Any CPU
		{72DE6AFE-3823-4AD8-B616-9E15964B01C1}.Debug|Any CPU.Build.0 = Debug|Any CPU
		{72DE6AFE-3823-4AD8-B616-9E15964B01C1}.Release|Any CPU.ActiveCfg = Release|Any CPU
		{72DE6AFE-3823-4AD8-B616-9E15964B01C1}.Release|Any CPU.Build.0 = Release|Any CPU
		{C958E69F-8B25-4170-ADE9-36F3A99D8BF3}.Debug|Any CPU.ActiveCfg = Debug|Any CPU
		{C958E69F-8B25-4170-ADE9-36F3A99D8BF3}.Debug|Any CPU.Build.0 = Debug|Any CPU
		{C958E69F-8B25-4170-ADE9-36F3A99D8BF3}.Release|Any CPU.ActiveCfg = Release|Any CPU
		{C958E69F-8B25-4170-ADE9-36F3A99D8BF3}.Release|Any CPU.Build.0 = Release|Any CPU
		{528F9D3A-6088-4AA8-B232-CC020BD1B10D}.Debug|Any CPU.ActiveCfg = Debug|Any CPU
		{528F9D3A-6088-4AA8-B232-CC020BD1B10D}.Debug|Any CPU.Build.0 = Debug|Any CPU
		{528F9D3A-6088-4AA8-B232-CC020BD1B10D}.Release|Any CPU.ActiveCfg = Release|Any CPU
		{528F9D3A-6088-4AA8-B232-CC020BD1B10D}.Release|Any CPU.Build.0 = Release|Any CPU
		{3A90E253-3B21-4477-8D8D-59B3FBCFB039}.Debug|Any CPU.ActiveCfg = Debug|Any CPU
		{3A90E253-3B21-4477-8D8D-59B3FBCFB039}.Debug|Any CPU.Build.0 = Debug|Any CPU
		{3A90E253-3B21-4477-8D8D-59B3FBCFB039}.Release|Any CPU.ActiveCfg = Release|Any CPU
		{3A90E253-3B21-4477-8D8D-59B3FBCFB039}.Release|Any CPU.Build.0 = Release|Any CPU
		{4078EF35-0113-4F40-9155-BA52C73E976C}.Debug|Any CPU.ActiveCfg = Debug|Any CPU
		{4078EF35-0113-4F40-9155-BA52C73E976C}.Debug|Any CPU.Build.0 = Debug|Any CPU
		{4078EF35-0113-4F40-9155-BA52C73E976C}.Release|Any CPU.ActiveCfg = Release|Any CPU
		{4078EF35-0113-4F40-9155-BA52C73E976C}.Release|Any CPU.Build.0 = Release|Any CPU
		{E8AAD131-33CD-411C-85E0-A8B8969D115E}.Debug|Any CPU.ActiveCfg = Debug|Any CPU
		{E8AAD131-33CD-411C-85E0-A8B8969D115E}.Debug|Any CPU.Build.0 = Debug|Any CPU
		{E8AAD131-33CD-411C-85E0-A8B8969D115E}.Release|Any CPU.ActiveCfg = Release|Any CPU
		{E8AAD131-33CD-411C-85E0-A8B8969D115E}.Release|Any CPU.Build.0 = Release|Any CPU
		{511163AE-D517-4EFC-81C7-10FF682BBB09}.Debug|Any CPU.ActiveCfg = Debug|Any CPU
		{511163AE-D517-4EFC-81C7-10FF682BBB09}.Debug|Any CPU.Build.0 = Debug|Any CPU
		{511163AE-D517-4EFC-81C7-10FF682BBB09}.Release|Any CPU.ActiveCfg = Release|Any CPU
		{511163AE-D517-4EFC-81C7-10FF682BBB09}.Release|Any CPU.Build.0 = Release|Any CPU
		{D990A77C-02AF-4B6D-B7A7-C88125816405}.Debug|Any CPU.ActiveCfg = Debug|Any CPU
		{D990A77C-02AF-4B6D-B7A7-C88125816405}.Debug|Any CPU.Build.0 = Debug|Any CPU
		{D990A77C-02AF-4B6D-B7A7-C88125816405}.Release|Any CPU.ActiveCfg = Release|Any CPU
		{D990A77C-02AF-4B6D-B7A7-C88125816405}.Release|Any CPU.Build.0 = Release|Any CPU
		{31E165D8-BB9F-4EAB-929E-D770013F5D15}.Debug|Any CPU.ActiveCfg = Debug|Any CPU
		{31E165D8-BB9F-4EAB-929E-D770013F5D15}.Debug|Any CPU.Build.0 = Debug|Any CPU
		{31E165D8-BB9F-4EAB-929E-D770013F5D15}.Release|Any CPU.ActiveCfg = Release|Any CPU
		{31E165D8-BB9F-4EAB-929E-D770013F5D15}.Release|Any CPU.Build.0 = Release|Any CPU
	EndGlobalSection
	GlobalSection(SolutionProperties) = preSolution
		HideSolutionNode = FALSE
	EndGlobalSection
	GlobalSection(ExtensibilityGlobals) = postSolution
		SolutionGuid = {3E7E4A0A-1362-4E7B-A66A-020E7ABA9148}
	EndGlobalSection
EndGlobal
